
Microsoft Visual Studio Solution File, Format Version 12.00
# Visual Studio Version 16
VisualStudioVersion = 16.0.28803.156
MinimumVisualStudioVersion = 10.0.40219.1
Project("{FAE04EC0-301F-11D3-BF4B-00C04F79EFBC}") = "PdfGenerator", "PdfGenerator\PdfGenerator.csproj", "{8FCA8B65-896C-4F71-B20D-6ED53152AD20}"
EndProject
Global
	GlobalSection(SolutionConfigurationPlatforms) = preSolution
		Debug|Any CPU = Debug|Any CPU
		Release|Any CPU = Release|Any CPU
	EndGlobalSection
	GlobalSection(ProjectConfigurationPlatforms) = postSolution
		{8FCA8B65-896C-4F71-B20D-6ED53152AD20}.Debug|Any CPU.ActiveCfg = Debug|Any CPU
		{8FCA8B65-896C-4F71-B20D-6ED53152AD20}.Debug|Any CPU.Build.0 = Debug|Any CPU
		{8FCA8B65-896C-4F71-B20D-6ED53152AD20}.Release|Any CPU.ActiveCfg = Release|Any CPU
		{8FCA8B65-896C-4F71-B20D-6ED53152AD20}.Release|Any CPU.Build.0 = Release|Any CPU
	EndGlobalSection
	GlobalSection(SolutionProperties) = preSolution
		HideSolutionNode = FALSE
	EndGlobalSection
	GlobalSection(ExtensibilityGlobals) = postSolution
		SolutionGuid = {B4442426-9663-4CAA-9B52-F9E682810619}
	EndGlobalSection
EndGlobal
